
Microsoft Visual Studio Solution File, Format Version 12.00
# Visual Studio Version 16
VisualStudioVersion = 16.0.31624.102
MinimumVisualStudioVersion = 10.0.40219.1
Project("{FAE04EC0-301F-11D3-BF4B-00C04F79EFBC}") = "Tech Assignment 3-Using Iterative Statements", "Tech Assignment 3-Using Iterative Statements.csproj", "{7CCDE48F-65F8-4E27-BD1A-8323EB8C3EE5}"
EndProject
Global
	GlobalSection(SolutionConfigurationPlatforms) = preSolution
		Debug|Any CPU = Debug|Any CPU
		Release|Any CPU = Release|Any CPU
	EndGlobalSection
	GlobalSection(ProjectConfigurationPlatforms) = postSolution
		{7CCDE48F-65F8-4E27-BD1A-8323EB8C3EE5}.Debug|Any CPU.ActiveCfg = Debug|Any CPU
		{7CCDE48F-65F8-4E27-BD1A-8323EB8C3EE5}.Debug|Any CPU.Build.0 = Debug|Any CPU
		{7CCDE48F-65F8-4E27-BD1A-8323EB8C3EE5}.Release|Any CPU.ActiveCfg = Release|Any CPU
		{7CCDE48F-65F8-4E27-BD1A-8323EB8C3EE5}.Release|Any CPU.Build.0 = Release|Any CPU
	EndGlobalSection
	GlobalSection(SolutionProperties) = preSolution
		HideSolutionNode = FALSE
	EndGlobalSection
	GlobalSection(ExtensibilityGlobals) = postSolution
		SolutionGuid = {0C6A6BF4-23E7-408B-AAF9-8F8AF469041E}
	EndGlobalSection
EndGlobal
